<?xml version="1.0" encoding="utf-8"?>
<Project ToolsVersion="4.0" xmlns="http://schemas.microsoft.com/developer/msbuild/2003">
  <ItemGroup>
    <Filter Include="Source Files">
      <UniqueIdentifier>{4FC737F1-C7A5-4376-A066-2A32D752A2FF}</UniqueIdentifier>
      <Extensions>cpp;c;cxx;def;odl;idl;hpj;bat;asm;asmx</Extensions>
    </Filter>
    <Filter Include="Header Files">
      <UniqueIdentifier>{93995380-89BD-4b04-88EB-625FBE52EBFB}</UniqueIdentifier>
      <Extensions>h;hpp;hxx;hm;inl;inc;xsd</Extensions>
    </Filter>
    <Filter Include="Resource Files">
      <UniqueIdentifier>{67DA6AB6-F800-4c08-8B7A-83BB121AAD01}</UniqueIdentifier>
      <Extensions>rc;ico;cur;bmp;dlg;rc2;rct;bin;rgs;gif;jpg;jpeg;jpe;resx</Extensions>
    </Filter>
  </ItemGroup>
  <ItemGroup>
    <ClCompile Include="..\src\dirent.c">
      <Filter>Source Files</Filter>
    </ClCompile>
    <ClCompile Include="..\src\ffs.c">
      <Filter>Source Files</Filter>
    </ClCompile>
    <ClCompile Include="..\src\timeofday.c">
      <Filter>Source Files</Filter>
    </ClCompile>
    <ClCompile Include="..\src\utsname.c">
      <Filter>Source Files</Filter>
    </ClCompile>
  </ItemGroup>
  <ItemGroup>
    <ClInclude Include="..\dirent.h">
      <Filter>Header Files</Filter>
    </ClInclude>
    <ClInclude Include="..\features.h">
      <Filter>Header Files</Filter>
    </ClInclude>
    <ClInclude Include="..\arpa\inet.h">
      <Filter>Header Files</Filter>
    </ClInclude>
    <ClInclude Include="..\bits\kernel_sigaction.h">
      <Filter>Header Files</Filter>
    </ClInclude>
    <ClInclude Include="..\sys\mman.h">
      <Filter>Header Files</Filter>
    </ClInclude>
    <ClInclude Include="..\pthread.h">
      <Filter>Header Files</Filter>
    </ClInclude>
    <ClInclude Include="..\pwd.h">
      <Filter>Header Files</Filter>
    </ClInclude>
    <ClInclude Include="..\sched.h">
      <Filter>Header Files</Filter>
    </ClInclude>
    <ClInclude Include="..\sigsetops.h">
      <Filter>Header Files</Filter>
    </ClInclude>
    <ClInclude Include="..\sys\syscall.h">
      <Filter>Header Files</Filter>
    </ClInclude>
    <ClInclude Include="..\sys\time.h">
      <Filter>Header Files</Filter>
    </ClInclude>
    <ClInclude Include="..\timeofday.h">
      <Filter>Header Files</Filter>
    </ClInclude>
    <ClInclude Include="..\unistd.h">
      <Filter>Header Files</Filter>
    </ClInclude>
    <ClInclude Include="..\bits\utsname.h">
      <Filter>Header Files</Filter>
    </ClInclude>
    <ClInclude Include="..\sys\utsname.h">
      <Filter>Header Files</Filter>
    </ClInclude>
  </ItemGroup>
  <ItemGroup>
    <None Include="ReadMe.txt" />
  </ItemGroup>
</Project>