
Microsoft Visual Studio Solution File, Format Version 12.00
# Visual Studio 2013
VisualStudioVersion = 12.0.31101.0
MinimumVisualStudioVersion = 10.0.40219.1
Project("{8BC9CEB8-8B4A-11D0-8D11-00A0C91BC942}") = "mq_send", "mq_send\mq_send.vcxproj", "{23D44FA6-F692-4CDD-B4BD-61C80ACCCA10}"
EndProject
Project("{8BC9CEB8-8B4A-11D0-8D11-00A0C91BC942}") = "mq_receive", "mq_receive\mq_receive.vcxproj", "{450BA1CD-DBC2-4AFD-AB53-4797A96A6A24}"
EndProject
Global
	GlobalSection(SolutionConfigurationPlatforms) = preSolution
		Debug|Win32 = Debug|Win32
		Release|Win32 = Release|Win32
	EndGlobalSection
	GlobalSection(ProjectConfigurationPlatforms) = postSolution
		{23D44FA6-F692-4CDD-B4BD-61C80ACCCA10}.Debug|Win32.ActiveCfg = Debug|Win32
		{23D44FA6-F692-4CDD-B4BD-61C80ACCCA10}.Debug|Win32.Build.0 = Debug|Win32
		{23D44FA6-F692-4CDD-B4BD-61C80ACCCA10}.Release|Win32.ActiveCfg = Release|Win32
		{23D44FA6-F692-4CDD-B4BD-61C80ACCCA10}.Release|Win32.Build.0 = Release|Win32
		{450BA1CD-DBC2-4AFD-AB53-4797A96A6A24}.Debug|Win32.ActiveCfg = Debug|Win32
		{450BA1CD-DBC2-4AFD-AB53-4797A96A6A24}.Debug|Win32.Build.0 = Debug|Win32
		{450BA1CD-DBC2-4AFD-AB53-4797A96A6A24}.Release|Win32.ActiveCfg = Release|Win32
		{450BA1CD-DBC2-4AFD-AB53-4797A96A6A24}.Release|Win32.Build.0 = Release|Win32
	EndGlobalSection
	GlobalSection(SolutionProperties) = preSolution
		HideSolutionNode = FALSE
	EndGlobalSection
EndGlobal
